{
  "requires": true,
  "lockfileVersion": 1,
  "dependencies": {
    "angular-animate": {
      "version": "1.7.5",
      "resolved": "https://registry.npmjs.org/angular-animate/-/angular-animate-1.7.5.tgz",
      "integrity": "sha512-kU/fHIGf2a4a3bH7E1tzALTHk+QfoUSCK9fEcMFisd6ZWvNDwPzXWAilItqOC3EDiAXPmGHaNc9/aXiD9xrAxQ=="
    }
  }
}
